// !$*UTF8*$!
{
	archiveVersion = 1;
	classes = {
	};
	objectVersion = 46;
	objects = {

/* Begin PBXBuildFile section */
		C07E8B261DBA3BA9008B7752 /* AppDelegate.swift in Sources */ = {isa = PBXBuildFile; fileRef = C07E8B251DBA3BA9008B7752 /* AppDelegate.swift */; };
		C07E8B281DBA3BA9008B7752 /* ViewController.swift in Sources */ = {isa = PBXBuildFile; fileRef = C07E8B271DBA3BA9008B7752 /* ViewController.swift */; };
		C07E8B2B1DBA3BA9008B7752 /* Main.storyboard in Resources */ = {isa = PBXBuildFile; fileRef = C07E8B291DBA3BA9008B7752 /* Main.storyboard */; };
		C07E8B2D1DBA3BA9008B7752 /* Assets.xcassets in Resources */ = {isa = PBXBuildFile; fileRef = C07E8B2C1DBA3BA9008B7752 /* Assets.xcassets */; };
		C07E8B301DBA3BA9008B7752 /* LaunchScreen.storyboard in Resources */ = {isa = PBXBuildFile; fileRef = C07E8B2E1DBA3BA9008B7752 /* LaunchScreen.storyboard */; };
		C07E8B381DBA3BBC008B7752 /* HImagePickerUtils.swift in Sources */ = {isa = PBXBuildFile; fileRef = C07E8B371DBA3BBC008B7752 /* HImagePickerUtils.swift */; };
/* End PBXBuildFile section */

/* Begin PBXFileReference section */
		C07E8B221DBA3BA9008B7752 /* HImagePickerUtils-Swift.app */ = {isa = PBXFileReference; explicitFileType = wrapper.application; includeInIndex = 0; path = "HImagePickerUtils-Swift.app"; sourceTree = BUILT_PRODUCTS_DIR; };
		C07E8B251DBA3BA9008B7752 /* AppDelegate.swift */ = {isa = PBXFileReference; lastKnownFileType = sourcecode.swift; path = AppDelegate.swift; sourceTree = "<group>"; };
		C07E8B271DBA3BA9008B7752 /* ViewController.swift */ = {isa = PBXFileReference; lastKnownFileType = sourcecode.swift; path = ViewController.swift; sourceTree = "<group>"; };
		C07E8B2A1DBA3BA9008B7752 /* Base */ = {isa = PBXFileReference; lastKnownFileType = file.storyboard; name = Base; path = Base.lproj/Main.storyboard; sourceTree = "<group>"; };
		C07E8B2C1DBA3BA9008B7752 /* Assets.xcassets */ = {isa = PBXFileReference; lastKnownFileType = folder.assetcatalog; path = Assets.xcassets; sourceTree = "<group>"; };
		C07E8B2F1DBA3BA9008B7752 /* Base */ = {isa = PBXFileReference; lastKnownFileType = file.storyboard; name = Base; path = Base.lproj/LaunchScreen.storyboard; sourceTree = "<group>"; };
		C07E8B311DBA3BA9008B7752 /* Info.plist */ = {isa = PBXFileReference; lastKnownFileType = text.plist.xml; path = Info.plist; sourceTree = "<group>"; };
		C07E8B371DBA3BBC008B7752 /* HImagePickerUtils.swift */ = {isa = PBXFileReference; fileEncoding = 4; lastKnownFileType = sourcecode.swift; path = HImagePickerUtils.swift; sourceTree = "<group>"; };
/* End PBXFileReference section */

/* Begin PBXFrameworksBuildPhase section */
		C07E8B1F1DBA3BA9008B7752 /* Frameworks */ = {
			isa = PBXFrameworksBuildPhase;
			buildActionMask = 2147483647;
			files = (
			);
			runOnlyForDeploymentPostprocessing = 0;
		};
/* End PBXFrameworksBuildPhase section */

/* Begin PBXGroup section */
		C07E8B191DBA3BA9008B7752 = {
			isa = PBXGroup;
			children = (
				C07E8B241DBA3BA9008B7752 /* HImagePickerUtils-Swift */,
				C07E8B231DBA3BA9008B7752 /* Products */,
			);
			sourceTree = "<group>";
		};
		C07E8B231DBA3BA9008B7752 /* Products */ = {
			isa = PBXGroup;
			children = (
				C07E8B221DBA3BA9008B7752 /* HImagePickerUtils-Swift.app */,
			);
			name = Products;
			sourceTree = "<group>";
		};
		C07E8B241DBA3BA9008B7752 /* HImagePickerUtils-Swift */ = {
			isa = PBXGroup;
			children = (
				C07E8B251DBA3BA9008B7752 /* AppDelegate.swift */,
				C07E8B271DBA3BA9008B7752 /* ViewController.swift */,
				C07E8B371DBA3BBC008B7752 /* HImagePickerUtils.swift */,
				C07E8B291DBA3BA9008B7752 /* Main.storyboard */,
				C07E8B2C1DBA3BA9008B7752 /* Assets.xcassets */,
				C07E8B2E1DBA3BA9008B7752 /* LaunchScreen.storyboard */,
				C07E8B311DBA3BA9008B7752 /* Info.plist */,
			);
			path = "HImagePickerUtils-Swift";
			sourceTree = "<group>";
		};
/* End PBXGroup section */

/* Begin PBXNativeTarget section */
		C07E8B211DBA3BA9008B7752 /* HImagePickerUtils-Swift */ = {
			isa = PBXNativeTarget;
			buildConfigurationList = C07E8B341DBA3BA9008B7752 /* Build configuration list for PBXNativeTarget "HImagePickerUtils-Swift" */;
			buildPhases = (
				C07E8B1E1DBA3BA9008B7752 /* Sources */,
				C07E8B1F1DBA3BA9008B7752 /* Frameworks */,
				C07E8B201DBA3BA9008B7752 /* Resources */,
			);
			buildRules = (
			);
			dependencies = (
			);
			name = "HImagePickerUtils-Swift";
			productName = "HImagePickerUtils-Swift";
			productReference = C07E8B221DBA3BA9008B7752 /* HImagePickerUtils-Swift.app */;
			productType = "com.apple.product-type.application";
		};
/* End PBXNativeTarget section */

/* Begin PBXProject section */
		C07E8B1A1DBA3BA9008B7752 /* Project object */ = {
			isa = PBXProject;
			attributes = {
				LastSwiftUpdateCheck = 0800;
				LastUpgradeCheck = 0800;
				ORGANIZATIONNAME = JuanFelix;
				TargetAttributes = {
					C07E8B211DBA3BA9008B7752 = {
						CreatedOnToolsVersion = 8.0;
						ProvisioningStyle = Automatic;
					};
				};
			};
			buildConfigurationList = C07E8B1D1DBA3BA9008B7752 /* Build configuration list for PBXProject "HImagePickerUtils-Swift" */;
			compatibilityVersion = "Xcode 3.2";
			developmentRegion = English;
			hasScannedForEncodings = 0;
			knownRegions = (
				en,
				Base,
			);
			mainGroup = C07E8B191DBA3BA9008B7752;
			productRefGroup = C07E8B231DBA3BA9008B7752 /* Products */;
			projectDirPath = "";
			projectRoot = "";
			targets = (
				C07E8B211DBA3BA9008B7752 /* HImagePickerUtils-Swift */,
			);
		};
/* End PBXProject section */

/* Begin PBXResourcesBuildPhase section */
		C07E8B201DBA3BA9008B7752 /* Resources */ = {
			isa = PBXResourcesBuildPhase;
			buildActionMask = 2147483647;
			files = (
				C07E8B301DBA3BA9008B7752 /* LaunchScreen.storyboard in Resources */,
				C07E8B2D1DBA3BA9008B7752 /* Assets.xcassets in Resources */,
				C07E8B2B1DBA3BA9008B7752 /* Main.storyboard in Resources */,
			);
			runOnlyForDeploymentPostprocessing = 0;
		};
/* End PBXResourcesBuildPhase section */

/* Begin PBXSourcesBuildPhase section */
		C07E8B1E1DBA3BA9008B7752 /* Sources */ = {
			isa = PBXSourcesBuildPhase;
			buildActionMask = 2147483647;
			files = (
				C07E8B281DBA3BA9008B7752 /* ViewController.swift in Sources */,
				C07E8B261DBA3BA9008B7752 /* AppDelegate.swift in Sources */,
				C07E8B381DBA3BBC008B7752 /* HImagePickerUtils.swift in Sources */,
			);
			runOnlyForDeploymentPostprocessing = 0;
		};
/* End PBXSourcesBuildPhase section */

/* Begin PBXVariantGroup section */
		C07E8B291DBA3BA9008B7752 /* Main.storyboard */ = {
			isa = PBXVariantGroup;
			children = (
				C07E8B2A1DBA3BA9008B7752 /* Base */,
			);
			name = Main.storyboard;
			sourceTree = "<group>";
		};
		C07E8B2E1DBA3BA9008B7752 /* LaunchScreen.storyboard */ = {
			isa = PBXVariantGroup;
			children = (
				C07E8B2F1DBA3BA9008B7752 /* Base */,
			);
			name = LaunchScreen.storyboard;
			sourceTree = "<group>";
		};
/* End PBXVariantGroup section */

/* Begin XCBuildConfiguration section */
		C07E8B321DBA3BA9008B7752 /* Debug */ = {
			isa = XCBuildConfiguration;
			buildSettings = {
				ALWAYS_SEARCH_USER_PATHS = NO;
				CLANG_ANALYZER_NONNULL = YES;
				CLANG_CXX_LANGUAGE_STANDARD = "gnu++0x";
				CLANG_CXX_LIBRARY = "libc++";
				CLANG_ENABLE_MODULES = YES;
				CLANG_ENABLE_OBJC_ARC = YES;
				CLANG_WARN_BOOL_CONVERSION = YES;
				CLANG_WARN_CONSTANT_CONVERSION = YES;
				CLANG_WARN_DIRECT_OBJC_ISA_USAGE = YES_ERROR;
				CLANG_WARN_DOCUMENTATION_COMMENTS = YES;
				CLANG_WARN_EMPTY_BODY = YES;
				CLANG_WARN_ENUM_CONVERSION = YES;
				CLANG_WARN_INFINITE_RECURSION = YES;
				CLANG_WARN_INT_CONVERSION = YES;
				CLANG_WARN_OBJC_ROOT_CLASS = YES_ERROR;
				CLANG_WARN_SUSPICIOUS_MOVES = YES;
				CLANG_WARN_UNREACHABLE_CODE = YES;
				CLANG_WARN__DUPLICATE_METHOD_MATCH = YES;
				"CODE_SIGN_IDENTITY[sdk=iphoneos*]" = "iPhone Developer";
				COPY_PHASE_STRIP = NO;
				DEBUG_INFORMATION_FORMAT = dwarf;
				ENABLE_STRICT_OBJC_MSGSEND = YES;
				ENABLE_TESTABILITY = YES;
				GCC_C_LANGUAGE_STANDARD = gnu99;
				GCC_DYNAMIC_NO_PIC = NO;
				GCC_NO_COMMON_BLOCKS = YES;
				GCC_OPTIMIZATION_LEVEL = 0;
				GCC_PREPROCESSOR_DEFINITIONS = (
					"DEBUG=1",
					"$(inherited)",
				);
				GCC_WARN_64_TO_32_BIT_CONVERSION = YES;
				GCC_WARN_ABOUT_RETURN_TYPE = YES_ERROR;
				GCC_WARN_UNDECLARED_SELECTOR = YES;
				GCC_WARN_UNINITIALIZED_AUTOS = YES_AGGRESSIVE;
				GCC_WARN_UNUSED_FUNCTION = YES;
				GCC_WARN_UNUSED_VARIABLE = YES;
				IPHONEOS_DEPLOYMENT_TARGET = 10.0;
				MTL_ENABLE_DEBUG_INFO = YES;
				ONLY_ACTIVE_ARCH = YES;
				SDKROOT = iphoneos;
				SWIFT_ACTIVE_COMPILATION_CONDITIONS = DEBUG;
				SWIFT_OPTIMIZATION_LEVEL = "-Onone";
			};
			name = Debug;
		};
		C07E8B331DBA3BA9008B7752 /* Release */ = {
			isa = XCBuildConfiguration;
			buildSettings = {
				ALWAYS_SEARCH_USER_PATHS = NO;
				CLANG_ANALYZER_NONNULL = YES;
				CLANG_CXX_LANGUAGE_STANDARD = "gnu++0x";
				CLANG_CXX_LIBRARY = "libc++";
				CLANG_ENABLE_MODULES = YES;
				CLANG_ENABLE_OBJC_ARC = YES;
				CLANG_WARN_BOOL_CONVERSION = YES;
				CLANG_WARN_CONSTANT_CONVERSION = YES;
				CLANG_WARN_DIRECT_OBJC_ISA_USAGE = YES_ERROR;
				CLANG_WARN_DOCUMENTATION_COMMENTS = YES;
				CLANG_WARN_EMPTY_BODY = YES;
				CLANG_WARN_ENUM_CONVERSION = YES;
				CLANG_WARN_INFINITE_RECURSION = YES;
				CLANG_WARN_INT_CONVERSION = YES;
				CLANG_WARN_OBJC_ROOT_CLASS = YES_ERROR;
				CLANG_WARN_SUSPICIOUS_MOVES = YES;
				CLANG_WARN_UNREACHABLE_CODE = YES;
				CLANG_WARN__DUPLICATE_METHOD_MATCH = YES;
				"CODE_SIGN_IDENTITY[sdk=iphoneos*]" = "iPhone Developer";
				COPY_PHASE_STRIP = NO;
				DEBUG_INFORMATION_FORMAT = "dwarf-with-dsym";
				ENABLE_NS_ASSERTIONS = NO;
				ENABLE_STRICT_OBJC_MSGSEND = YES;
				GCC_C_LANGUAGE_STANDARD = gnu99;
				GCC_NO_COMMON_BLOCKS = YES;
				GCC_WARN_64_TO_32_BIT_CONVERSION = YES;
				GCC_WARN_ABOUT_RETURN_TYPE = YES_ERROR;
				GCC_WARN_UNDECLARED_SELECTOR = YES;
				GCC_WARN_UNINITIALIZED_AUTOS = YES_AGGRESSIVE;
				GCC_WARN_UNUSED_FUNCTION = YES;
				GCC_WARN_UNUSED_VARIABLE = YES;
				IPHONEOS_DEPLOYMENT_TARGET = 10.0;
				MTL_ENABLE_DEBUG_INFO = NO;
				SDKROOT = iphoneos;
				SWIFT_OPTIMIZATION_LEVEL = "-Owholemodule";
				VALIDATE_PRODUCT = YES;
			};
			name = Release;
		};
		C07E8B351DBA3BA9008B7752 /* Debug */ = {
			isa = XCBuildConfiguration;
			buildSettings = {
				ASSETCATALOG_COMPILER_APPICON_NAME = AppIcon;
				INFOPLIST_FILE = "HImagePickerUtils-Swift/Info.plist";
				LD_RUNPATH_SEARCH_PATHS = "$(inherited) @executable_path/Frameworks";
				PRODUCT_BUNDLE_IDENTIFIER = "com.skkj.HImagePickerUtils-Swift";
				PRODUCT_NAME = "$(TARGET_NAME)";
				SWIFT_VERSION = 3.0;
			};
			name = Debug;
		};
		C07E8B361DBA3BA9008B7752 /* Release */ = {
			isa = XCBuildConfiguration;
			buildSettings = {
				ASSETCATALOG_COMPILER_APPICON_NAME = AppIcon;
				INFOPLIST_FILE = "HImagePickerUtils-Swift/Info.plist";
				LD_RUNPATH_SEARCH_PATHS = "$(inherited) @executable_path/Frameworks";
				PRODUCT_BUNDLE_IDENTIFIER = "com.skkj.HImagePickerUtils-Swift";
				PRODUCT_NAME = "$(TARGET_NAME)";
				SWIFT_VERSION = 3.0;
			};
			name = Release;
		};
/* End XCBuildConfiguration section */

/* Begin XCConfigurationList section */
		C07E8B1D1DBA3BA9008B7752 /* Build configuration list for PBXProject "HImagePickerUtils-Swift" */ = {
			isa = XCConfigurationList;
			buildConfigurations = (
				C07E8B321DBA3BA9008B7752 /* Debug */,
				C07E8B331DBA3BA9008B7752 /* Release */,
			);
			defaultConfigurationIsVisible = 0;
			defaultConfigurationName = Release;
		};
		C07E8B341DBA3BA9008B7752 /* Build configuration list for PBXNativeTarget "HImagePickerUtils-Swift" */ = {
			isa = XCConfigurationList;
			buildConfigurations = (
				C07E8B351DBA3BA9008B7752 /* Debug */,
				C07E8B361DBA3BA9008B7752 /* Release */,
			);
			defaultConfigurationIsVisible = 0;
		};
/* End XCConfigurationList section */
	};
	rootObject = C07E8B1A1DBA3BA9008B7752 /* Project object */;
}
